
Microsoft Visual Studio Solution File, Format Version 12.00
# Visual Studio Version 17
VisualStudioVersion = 17.6.33723.286
MinimumVisualStudioVersion = 10.0.40219.1
Project("{9A19103F-16F7-4668-BE54-9A1E7A4F7556}") = "LinkedListProgram", "LinkedListProgram\LinkedListProgram.csproj", "{A8DC7F45-F10C-4ED9-B7C6-472965ACE499}"
EndProject
Project("{9A19103F-16F7-4668-BE54-9A1E7A4F7556}") = "DoublyLinkedListProgram", "DoublyLinkedListProgram\DoublyLinkedListProgram.csproj", "{FA39B7A3-6E60-4964-B7FF-FE1953C03279}"
EndProject
Global
	GlobalSection(SolutionConfigurationPlatforms) = preSolution
		Debug|Any CPU = Debug|Any CPU
		Release|Any CPU = Release|Any CPU
	EndGlobalSection
	GlobalSection(ProjectConfigurationPlatforms) = postSolution
		{A8DC7F45-F10C-4ED9-B7C6-472965ACE499}.Debug|Any CPU.ActiveCfg = Debug|Any CPU
		{A8DC7F45-F10C-4ED9-B7C6-472965ACE499}.Debug|Any CPU.Build.0 = Debug|Any CPU
		{A8DC7F45-F10C-4ED9-B7C6-472965ACE499}.Release|Any CPU.ActiveCfg = Release|Any CPU
		{A8DC7F45-F10C-4ED9-B7C6-472965ACE499}.Release|Any CPU.Build.0 = Release|Any CPU
		{FA39B7A3-6E60-4964-B7FF-FE1953C03279}.Debug|Any CPU.ActiveCfg = Debug|Any CPU
		{FA39B7A3-6E60-4964-B7FF-FE1953C03279}.Debug|Any CPU.Build.0 = Debug|Any CPU
		{FA39B7A3-6E60-4964-B7FF-FE1953C03279}.Release|Any CPU.ActiveCfg = Release|Any CPU
		{FA39B7A3-6E60-4964-B7FF-FE1953C03279}.Release|Any CPU.Build.0 = Release|Any CPU
	EndGlobalSection
	GlobalSection(SolutionProperties) = preSolution
		HideSolutionNode = FALSE
	EndGlobalSection
	GlobalSection(ExtensibilityGlobals) = postSolution
		SolutionGuid = {F8983E71-AADF-4B58-8858-B7D96DA959DA}
	EndGlobalSection
EndGlobal
